
Microsoft Visual Studio Solution File, Format Version 12.00
# Visual Studio 15
VisualStudioVersion = 15.0.26430.16
MinimumVisualStudioVersion = 10.0.40219.1
Project("{FAE04EC0-301F-11D3-BF4B-00C04F79EFBC}") = "Problems", "ConsoleApp1\Problems.csproj", "{77C2A8F0-28F4-4F36-9FD1-0ABB4164B791}"
EndProject
Project("{FAE04EC0-301F-11D3-BF4B-00C04F79EFBC}") = "GradeSwitch", "GradeSwitch\GradeSwitch.csproj", "{C76E578B-DD98-48F2-97BC-521D0F97EA61}"
EndProject
Global
	GlobalSection(SolutionConfigurationPlatforms) = preSolution
		Debug|Any CPU = Debug|Any CPU
		Release|Any CPU = Release|Any CPU
	EndGlobalSection
	GlobalSection(ProjectConfigurationPlatforms) = postSolution
		{77C2A8F0-28F4-4F36-9FD1-0ABB4164B791}.Debug|Any CPU.ActiveCfg = Debug|Any CPU
		{77C2A8F0-28F4-4F36-9FD1-0ABB4164B791}.Debug|Any CPU.Build.0 = Debug|Any CPU
		{77C2A8F0-28F4-4F36-9FD1-0ABB4164B791}.Release|Any CPU.ActiveCfg = Release|Any CPU
		{77C2A8F0-28F4-4F36-9FD1-0ABB4164B791}.Release|Any CPU.Build.0 = Release|Any CPU
		{C76E578B-DD98-48F2-97BC-521D0F97EA61}.Debug|Any CPU.ActiveCfg = Debug|Any CPU
		{C76E578B-DD98-48F2-97BC-521D0F97EA61}.Debug|Any CPU.Build.0 = Debug|Any CPU
		{C76E578B-DD98-48F2-97BC-521D0F97EA61}.Release|Any CPU.ActiveCfg = Release|Any CPU
		{C76E578B-DD98-48F2-97BC-521D0F97EA61}.Release|Any CPU.Build.0 = Release|Any CPU
	EndGlobalSection
	GlobalSection(SolutionProperties) = preSolution
		HideSolutionNode = FALSE
	EndGlobalSection
EndGlobal
